
Microsoft Visual Studio Solution File, Format Version 12.00
# Visual Studio Version 17
VisualStudioVersion = 17.0.31903.59
MinimumVisualStudioVersion = 10.0.40219.1
Project("{2150E333-8FDC-42A3-9474-1A3956D46DE8}") = "src", "src", "{2F2B2FFD-422B-4921-9848-BB4FEF640BC9}"
EndProject
Project("{FAE04EC0-301F-11D3-BF4B-00C04F79EFBC}") = "AuctionService", "src\AuctionService\AuctionService.csproj", "{763EEFE4-C07F-41E2-A9C9-A2873BDC8558}"
EndProject
Project("{FAE04EC0-301F-11D3-BF4B-00C04F79EFBC}") = "SearchService", "src\SearchService\SearchService.csproj", "{5D755CDE-F5F6-4AE5-A33C-080371FB6A79}"
EndProject
Project("{FAE04EC0-301F-11D3-BF4B-00C04F79EFBC}") = "Contracts", "src\Contracts\Contracts.csproj", "{8DFBC1A2-AB1A-4C30-80CC-0CF66F4A03E1}"
EndProject
Project("{FAE04EC0-301F-11D3-BF4B-00C04F79EFBC}") = "IdentityService", "src\IdentityService\IdentityService.csproj", "{FBE384C5-17AD-46FC-AC7E-783BB2F52CDF}"
EndProject
Project("{FAE04EC0-301F-11D3-BF4B-00C04F79EFBC}") = "GatewayService", "src\GatewayService\GatewayService.csproj", "{673EC86C-216D-44C8-BA5D-E3C19552BA86}"
EndProject
Project("{FAE04EC0-301F-11D3-BF4B-00C04F79EFBC}") = "BiddingService", "src\BiddingService\BiddingService.csproj", "{CF0EB103-37A2-4B49-A636-AD96B654CEC8}"
EndProject
Project("{FAE04EC0-301F-11D3-BF4B-00C04F79EFBC}") = "NotificationService", "src\NotificationService\NotificationService.csproj", "{D34DC531-CE64-491F-9578-67104ED3E1F8}"
EndProject
Project("{2150E333-8FDC-42A3-9474-1A3956D46DE8}") = "tests", "tests", "{9A47E485-5394-4258-9E5E-B5DC3C9A110B}"
EndProject
Project("{FAE04EC0-301F-11D3-BF4B-00C04F79EFBC}") = "AuctionService.UnitTests", "tests\AuctionService.UnitTests\AuctionService.UnitTests.csproj", "{BD20A59E-468B-4961-83E3-C6EB2A832ED2}"
EndProject
Global
	GlobalSection(SolutionConfigurationPlatforms) = preSolution
		Debug|Any CPU = Debug|Any CPU
		Release|Any CPU = Release|Any CPU
	EndGlobalSection
	GlobalSection(SolutionProperties) = preSolution
		HideSolutionNode = FALSE
	EndGlobalSection
	GlobalSection(ProjectConfigurationPlatforms) = postSolution
		{763EEFE4-C07F-41E2-A9C9-A2873BDC8558}.Debug|Any CPU.ActiveCfg = Debug|Any CPU
		{763EEFE4-C07F-41E2-A9C9-A2873BDC8558}.Debug|Any CPU.Build.0 = Debug|Any CPU
		{763EEFE4-C07F-41E2-A9C9-A2873BDC8558}.Release|Any CPU.ActiveCfg = Release|Any CPU
		{763EEFE4-C07F-41E2-A9C9-A2873BDC8558}.Release|Any CPU.Build.0 = Release|Any CPU
		{5D755CDE-F5F6-4AE5-A33C-080371FB6A79}.Debug|Any CPU.ActiveCfg = Debug|Any CPU
		{5D755CDE-F5F6-4AE5-A33C-080371FB6A79}.Debug|Any CPU.Build.0 = Debug|Any CPU
		{5D755CDE-F5F6-4AE5-A33C-080371FB6A79}.Release|Any CPU.ActiveCfg = Release|Any CPU
		{5D755CDE-F5F6-4AE5-A33C-080371FB6A79}.Release|Any CPU.Build.0 = Release|Any CPU
		{8DFBC1A2-AB1A-4C30-80CC-0CF66F4A03E1}.Debug|Any CPU.ActiveCfg = Debug|Any CPU
		{8DFBC1A2-AB1A-4C30-80CC-0CF66F4A03E1}.Debug|Any CPU.Build.0 = Debug|Any CPU
		{8DFBC1A2-AB1A-4C30-80CC-0CF66F4A03E1}.Release|Any CPU.ActiveCfg = Release|Any CPU
		{8DFBC1A2-AB1A-4C30-80CC-0CF66F4A03E1}.Release|Any CPU.Build.0 = Release|Any CPU
		{FBE384C5-17AD-46FC-AC7E-783BB2F52CDF}.Debug|Any CPU.ActiveCfg = Debug|Any CPU
		{FBE384C5-17AD-46FC-AC7E-783BB2F52CDF}.Debug|Any CPU.Build.0 = Debug|Any CPU
		{FBE384C5-17AD-46FC-AC7E-783BB2F52CDF}.Release|Any CPU.ActiveCfg = Release|Any CPU
		{FBE384C5-17AD-46FC-AC7E-783BB2F52CDF}.Release|Any CPU.Build.0 = Release|Any CPU
		{673EC86C-216D-44C8-BA5D-E3C19552BA86}.Debug|Any CPU.ActiveCfg = Debug|Any CPU
		{673EC86C-216D-44C8-BA5D-E3C19552BA86}.Debug|Any CPU.Build.0 = Debug|Any CPU
		{673EC86C-216D-44C8-BA5D-E3C19552BA86}.Release|Any CPU.ActiveCfg = Release|Any CPU
		{673EC86C-216D-44C8-BA5D-E3C19552BA86}.Release|Any CPU.Build.0 = Release|Any CPU
		{CF0EB103-37A2-4B49-A636-AD96B654CEC8}.Debug|Any CPU.ActiveCfg = Debug|Any CPU
		{CF0EB103-37A2-4B49-A636-AD96B654CEC8}.Debug|Any CPU.Build.0 = Debug|Any CPU
		{CF0EB103-37A2-4B49-A636-AD96B654CEC8}.Release|Any CPU.ActiveCfg = Release|Any CPU
		{CF0EB103-37A2-4B49-A636-AD96B654CEC8}.Release|Any CPU.Build.0 = Release|Any CPU
		{D34DC531-CE64-491F-9578-67104ED3E1F8}.Debug|Any CPU.ActiveCfg = Debug|Any CPU
		{D34DC531-CE64-491F-9578-67104ED3E1F8}.Debug|Any CPU.Build.0 = Debug|Any CPU
		{D34DC531-CE64-491F-9578-67104ED3E1F8}.Release|Any CPU.ActiveCfg = Release|Any CPU
		{D34DC531-CE64-491F-9578-67104ED3E1F8}.Release|Any CPU.Build.0 = Release|Any CPU
		{BD20A59E-468B-4961-83E3-C6EB2A832ED2}.Debug|Any CPU.ActiveCfg = Debug|Any CPU
		{BD20A59E-468B-4961-83E3-C6EB2A832ED2}.Debug|Any CPU.Build.0 = Debug|Any CPU
		{BD20A59E-468B-4961-83E3-C6EB2A832ED2}.Release|Any CPU.ActiveCfg = Release|Any CPU
		{BD20A59E-468B-4961-83E3-C6EB2A832ED2}.Release|Any CPU.Build.0 = Release|Any CPU
	EndGlobalSection
	GlobalSection(NestedProjects) = preSolution
		{763EEFE4-C07F-41E2-A9C9-A2873BDC8558} = {2F2B2FFD-422B-4921-9848-BB4FEF640BC9}
		{5D755CDE-F5F6-4AE5-A33C-080371FB6A79} = {2F2B2FFD-422B-4921-9848-BB4FEF640BC9}
		{8DFBC1A2-AB1A-4C30-80CC-0CF66F4A03E1} = {2F2B2FFD-422B-4921-9848-BB4FEF640BC9}
		{FBE384C5-17AD-46FC-AC7E-783BB2F52CDF} = {2F2B2FFD-422B-4921-9848-BB4FEF640BC9}
		{673EC86C-216D-44C8-BA5D-E3C19552BA86} = {2F2B2FFD-422B-4921-9848-BB4FEF640BC9}
		{CF0EB103-37A2-4B49-A636-AD96B654CEC8} = {2F2B2FFD-422B-4921-9848-BB4FEF640BC9}
		{D34DC531-CE64-491F-9578-67104ED3E1F8} = {2F2B2FFD-422B-4921-9848-BB4FEF640BC9}
		{BD20A59E-468B-4961-83E3-C6EB2A832ED2} = {9A47E485-5394-4258-9E5E-B5DC3C9A110B}
	EndGlobalSection
EndGlobal
